
Microsoft Visual Studio Solution File, Format Version 12.00
# Visual Studio Version 16
VisualStudioVersion = 16.0.30011.22
MinimumVisualStudioVersion = 10.0.40219.1
Project("{9A19103F-16F7-4668-BE54-9A1E7A4F7556}") = "backend-test", "backend-test.csproj", "{6DA4F7C9-0AE7-4AAC-95E7-2EDA7F7CB20C}"
EndProject
Global
	GlobalSection(SolutionConfigurationPlatforms) = preSolution
		Debug|Any CPU = Debug|Any CPU
		Release|Any CPU = Release|Any CPU
	EndGlobalSection
	GlobalSection(ProjectConfigurationPlatforms) = postSolution
		{6DA4F7C9-0AE7-4AAC-95E7-2EDA7F7CB20C}.Debug|Any CPU.ActiveCfg = Debug|Any CPU
		{6DA4F7C9-0AE7-4AAC-95E7-2EDA7F7CB20C}.Debug|Any CPU.Build.0 = Debug|Any CPU
		{6DA4F7C9-0AE7-4AAC-95E7-2EDA7F7CB20C}.Release|Any CPU.ActiveCfg = Release|Any CPU
		{6DA4F7C9-0AE7-4AAC-95E7-2EDA7F7CB20C}.Release|Any CPU.Build.0 = Release|Any CPU
	EndGlobalSection
	GlobalSection(SolutionProperties) = preSolution
		HideSolutionNode = FALSE
	EndGlobalSection
	GlobalSection(ExtensibilityGlobals) = postSolution
		SolutionGuid = {0D15FE91-C1B8-4C74-97BB-286D74DD4B5F}
	EndGlobalSection
EndGlobal
